
Microsoft Visual Studio Solution File, Format Version 12.00
# Visual Studio Version 17
VisualStudioVersion = 17.5.33414.496
MinimumVisualStudioVersion = 10.0.40219.1
Project("{2150E333-8FDC-42A3-9474-1A3956D46DE8}") = "Presentation", "Presentation", "{719952B0-0249-4765-B0B5-2D446745A635}"
EndProject
Project("{2150E333-8FDC-42A3-9474-1A3956D46DE8}") = "Infrastructure", "Infrastructure", "{8B6BBF85-414B-455B-96F5-F364F9CA811D}"
EndProject
Project("{9A19103F-16F7-4668-BE54-9A1E7A4F7556}") = "Core", "Core\Core.csproj", "{76241D05-35DC-41B6-91C4-E3962684B839}"
EndProject
Project("{9A19103F-16F7-4668-BE54-9A1E7A4F7556}") = "UI", "Presentation\UI\UI.csproj", "{3D6ACF37-ECFD-404E-9F78-6E2D8DBFF869}"
EndProject
Project("{9A19103F-16F7-4668-BE54-9A1E7A4F7556}") = "DataAccess", "Infrastructure\DataAccess\DataAccess.csproj", "{F5D6244A-05C7-4285-860C-6E50D414ED2C}"
EndProject
Project("{9A19103F-16F7-4668-BE54-9A1E7A4F7556}") = "DataAccess.Test", "Infrastructure\DataAccess.Test\DataAccess.Test.csproj", "{2A413A99-55D1-45D3-81F8-C8D331F869CE}"
EndProject
Global
	GlobalSection(SolutionConfigurationPlatforms) = preSolution
		Debug|Any CPU = Debug|Any CPU
		Release|Any CPU = Release|Any CPU
	EndGlobalSection
	GlobalSection(ProjectConfigurationPlatforms) = postSolution
		{76241D05-35DC-41B6-91C4-E3962684B839}.Debug|Any CPU.ActiveCfg = Debug|Any CPU
		{76241D05-35DC-41B6-91C4-E3962684B839}.Debug|Any CPU.Build.0 = Debug|Any CPU
		{76241D05-35DC-41B6-91C4-E3962684B839}.Release|Any CPU.ActiveCfg = Release|Any CPU
		{76241D05-35DC-41B6-91C4-E3962684B839}.Release|Any CPU.Build.0 = Release|Any CPU
		{3D6ACF37-ECFD-404E-9F78-6E2D8DBFF869}.Debug|Any CPU.ActiveCfg = Debug|Any CPU
		{3D6ACF37-ECFD-404E-9F78-6E2D8DBFF869}.Debug|Any CPU.Build.0 = Debug|Any CPU
		{3D6ACF37-ECFD-404E-9F78-6E2D8DBFF869}.Release|Any CPU.ActiveCfg = Release|Any CPU
		{3D6ACF37-ECFD-404E-9F78-6E2D8DBFF869}.Release|Any CPU.Build.0 = Release|Any CPU
		{F5D6244A-05C7-4285-860C-6E50D414ED2C}.Debug|Any CPU.ActiveCfg = Debug|Any CPU
		{F5D6244A-05C7-4285-860C-6E50D414ED2C}.Debug|Any CPU.Build.0 = Debug|Any CPU
		{F5D6244A-05C7-4285-860C-6E50D414ED2C}.Release|Any CPU.ActiveCfg = Release|Any CPU
		{F5D6244A-05C7-4285-860C-6E50D414ED2C}.Release|Any CPU.Build.0 = Release|Any CPU
		{2A413A99-55D1-45D3-81F8-C8D331F869CE}.Debug|Any CPU.ActiveCfg = Debug|Any CPU
		{2A413A99-55D1-45D3-81F8-C8D331F869CE}.Debug|Any CPU.Build.0 = Debug|Any CPU
		{2A413A99-55D1-45D3-81F8-C8D331F869CE}.Release|Any CPU.ActiveCfg = Release|Any CPU
		{2A413A99-55D1-45D3-81F8-C8D331F869CE}.Release|Any CPU.Build.0 = Release|Any CPU
	EndGlobalSection
	GlobalSection(SolutionProperties) = preSolution
		HideSolutionNode = FALSE
	EndGlobalSection
	GlobalSection(NestedProjects) = preSolution
		{3D6ACF37-ECFD-404E-9F78-6E2D8DBFF869} = {719952B0-0249-4765-B0B5-2D446745A635}
		{F5D6244A-05C7-4285-860C-6E50D414ED2C} = {8B6BBF85-414B-455B-96F5-F364F9CA811D}
		{2A413A99-55D1-45D3-81F8-C8D331F869CE} = {8B6BBF85-414B-455B-96F5-F364F9CA811D}
	EndGlobalSection
	GlobalSection(ExtensibilityGlobals) = postSolution
		SolutionGuid = {5CDF05E9-EA97-4409-8240-DFA0B1C4D4CC}
	EndGlobalSection
EndGlobal
