
Microsoft Visual Studio Solution File, Format Version 12.00
# Visual Studio Version 17
VisualStudioVersion = 17.5.33414.496
MinimumVisualStudioVersion = 10.0.40219.1
Project("{2150E333-8FDC-42A3-9474-1A3956D46DE8}") = "Presentation", "Presentation", "{719952B0-0249-4765-B0B5-2D446745A635}"
EndProject
Project("{2150E333-8FDC-42A3-9474-1A3956D46DE8}") = "Infrastructure", "Infrastructure", "{8B6BBF85-414B-455B-96F5-F364F9CA811D}"
EndProject
Project("{9A19103F-16F7-4668-BE54-9A1E7A4F7556}") = "UI", "Presentation\UI.csproj", "{CD34AB18-F91E-4CB5-8088-63269ED4003E}"
EndProject
Project("{9A19103F-16F7-4668-BE54-9A1E7A4F7556}") = "Core", "Core\Core.csproj", "{76241D05-35DC-41B6-91C4-E3962684B839}"
EndProject
Project("{9A19103F-16F7-4668-BE54-9A1E7A4F7556}") = "DataAccess", "Infrastructure\DataAccess.csproj", "{1DD84D89-0023-4C32-AEA9-312CBB739CCC}"
EndProject
Project("{FAE04EC0-301F-11D3-BF4B-00C04F79EFBC}") = "DataAccess.Test", "DataAccess.Test\DataAccess.Test.csproj", "{093EDF83-9883-49BC-B378-882FE1D7C13A}"
EndProject
Global
	GlobalSection(SolutionConfigurationPlatforms) = preSolution
		Debug|Any CPU = Debug|Any CPU
		Release|Any CPU = Release|Any CPU
	EndGlobalSection
	GlobalSection(ProjectConfigurationPlatforms) = postSolution
		{CD34AB18-F91E-4CB5-8088-63269ED4003E}.Debug|Any CPU.ActiveCfg = Debug|Any CPU
		{CD34AB18-F91E-4CB5-8088-63269ED4003E}.Debug|Any CPU.Build.0 = Debug|Any CPU
		{CD34AB18-F91E-4CB5-8088-63269ED4003E}.Release|Any CPU.ActiveCfg = Release|Any CPU
		{CD34AB18-F91E-4CB5-8088-63269ED4003E}.Release|Any CPU.Build.0 = Release|Any CPU
		{76241D05-35DC-41B6-91C4-E3962684B839}.Debug|Any CPU.ActiveCfg = Debug|Any CPU
		{76241D05-35DC-41B6-91C4-E3962684B839}.Debug|Any CPU.Build.0 = Debug|Any CPU
		{76241D05-35DC-41B6-91C4-E3962684B839}.Release|Any CPU.ActiveCfg = Release|Any CPU
		{76241D05-35DC-41B6-91C4-E3962684B839}.Release|Any CPU.Build.0 = Release|Any CPU
		{1DD84D89-0023-4C32-AEA9-312CBB739CCC}.Debug|Any CPU.ActiveCfg = Debug|Any CPU
		{1DD84D89-0023-4C32-AEA9-312CBB739CCC}.Debug|Any CPU.Build.0 = Debug|Any CPU
		{1DD84D89-0023-4C32-AEA9-312CBB739CCC}.Release|Any CPU.ActiveCfg = Release|Any CPU
		{1DD84D89-0023-4C32-AEA9-312CBB739CCC}.Release|Any CPU.Build.0 = Release|Any CPU
		{093EDF83-9883-49BC-B378-882FE1D7C13A}.Debug|Any CPU.ActiveCfg = Debug|Any CPU
		{093EDF83-9883-49BC-B378-882FE1D7C13A}.Debug|Any CPU.Build.0 = Debug|Any CPU
		{093EDF83-9883-49BC-B378-882FE1D7C13A}.Release|Any CPU.ActiveCfg = Release|Any CPU
		{093EDF83-9883-49BC-B378-882FE1D7C13A}.Release|Any CPU.Build.0 = Release|Any CPU
	EndGlobalSection
	GlobalSection(SolutionProperties) = preSolution
		HideSolutionNode = FALSE
	EndGlobalSection
	GlobalSection(NestedProjects) = preSolution
		{CD34AB18-F91E-4CB5-8088-63269ED4003E} = {719952B0-0249-4765-B0B5-2D446745A635}
		{1DD84D89-0023-4C32-AEA9-312CBB739CCC} = {8B6BBF85-414B-455B-96F5-F364F9CA811D}
		{093EDF83-9883-49BC-B378-882FE1D7C13A} = {8B6BBF85-414B-455B-96F5-F364F9CA811D}
	EndGlobalSection
	GlobalSection(ExtensibilityGlobals) = postSolution
		SolutionGuid = {5CDF05E9-EA97-4409-8240-DFA0B1C4D4CC}
	EndGlobalSection
EndGlobal
